
Microsoft Visual Studio Solution File, Format Version 12.00
# Visual Studio Version 17
VisualStudioVersion = 17.1.32228.430
MinimumVisualStudioVersion = 10.0.40219.1
Project("{FAE04EC0-301F-11D3-BF4B-00C04F79EFBC}") = "Kalkulátor", "Kalkulátor\Kalkulátor.csproj", "{5438586F-1E82-42EA-B128-B2C577896763}"
EndProject
Global
	GlobalSection(SolutionConfigurationPlatforms) = preSolution
		Debug|Any CPU = Debug|Any CPU
		Release|Any CPU = Release|Any CPU
	EndGlobalSection
	GlobalSection(ProjectConfigurationPlatforms) = postSolution
		{5438586F-1E82-42EA-B128-B2C577896763}.Debug|Any CPU.ActiveCfg = Debug|Any CPU
		{5438586F-1E82-42EA-B128-B2C577896763}.Debug|Any CPU.Build.0 = Debug|Any CPU
		{5438586F-1E82-42EA-B128-B2C577896763}.Release|Any CPU.ActiveCfg = Release|Any CPU
		{5438586F-1E82-42EA-B128-B2C577896763}.Release|Any CPU.Build.0 = Release|Any CPU
	EndGlobalSection
	GlobalSection(SolutionProperties) = preSolution
		HideSolutionNode = FALSE
	EndGlobalSection
	GlobalSection(ExtensibilityGlobals) = postSolution
		SolutionGuid = {6A4C5E32-220C-4DC0-983C-C43461CEC81A}
	EndGlobalSection
EndGlobal
